{
  "version": "2",
  "remote": {
    "https://deno.land/std@0.156.0/_util/assert.ts": "e94f2eb37cebd7f199952e242c77654e43333c1ac4c5c700e929ea3aa5489f74",
    "https://deno.land/std@0.156.0/_util/os.ts": "3b4c6e27febd119d36a416d7a97bd3b0251b77c88942c8f16ee5953ea13e2e49",
    "https://deno.land/std@0.156.0/path/_constants.ts": "df1db3ffa6dd6d1252cc9617e5d72165cd2483df90e93833e13580687b6083c3",
    "https://deno.land/std@0.156.0/path/_interface.ts": "ee3b431a336b80cf445441109d089b70d87d5e248f4f90ff906820889ecf8d09",
    "https://deno.land/std@0.156.0/path/_util.ts": "d16be2a16e1204b65f9d0dfc54a9bc472cafe5f4a190b3c8471ec2016ccd1677",
    "https://deno.land/std@0.156.0/path/common.ts": "bee563630abd2d97f99d83c96c2fa0cca7cee103e8cb4e7699ec4d5db7bd2633",
    "https://deno.land/std@0.156.0/path/glob.ts": "cb5255638de1048973c3e69e420c77dc04f75755524cb3b2e160fe9277d939ee",
    "https://deno.land/std@0.156.0/path/mod.ts": "56fec03ad0ebd61b6ab39ddb9b0ddb4c4a5c9f2f4f632e09dd37ec9ebfd722ac",
    "https://deno.land/std@0.156.0/path/posix.ts": "c1f7afe274290ea0b51da07ee205653b2964bd74909a82deb07b69a6cc383aaa",
    "https://deno.land/std@0.156.0/path/separator.ts": "fe1816cb765a8068afb3e8f13ad272351c85cbc739af56dacfc7d93d710fe0f9",
    "https://deno.land/std@0.156.0/path/win32.ts": "bd7549042e37879c68ff2f8576a25950abbfca1d696d41d82c7bca0b7e6f452c",
    "https://deno.land/std@0.173.0/_util/asserts.ts": "178dfc49a464aee693a7e285567b3d0b555dc805ff490505a8aae34f9cfb1462",
    "https://deno.land/std@0.173.0/_util/os.ts": "d932f56d41e4f6a6093d56044e29ce637f8dcc43c5a90af43504a889cf1775e3",
    "https://deno.land/std@0.173.0/path/_constants.ts": "e49961f6f4f48039c0dfed3c3f93e963ca3d92791c9d478ac5b43183413136e0",
    "https://deno.land/std@0.173.0/path/_interface.ts": "6471159dfbbc357e03882c2266d21ef9afdb1e4aa771b0545e90db58a0ba314b",
    "https://deno.land/std@0.173.0/path/_util.ts": "86c2375a996c1931b2f2ac71fefd5ddf0cf0e579fa4ab12d3e4c552d4223b8d8",
    "https://deno.land/std@0.173.0/path/common.ts": "ee7505ab01fd22de3963b64e46cff31f40de34f9f8de1fff6a1bd2fe79380000",
    "https://deno.land/std@0.173.0/path/glob.ts": "d479e0a695621c94d3fd7fe7abd4f9499caf32a8de13f25073451c6ef420a4e1",
    "https://deno.land/std@0.173.0/path/mod.ts": "4b83694ac500d7d31b0cdafc927080a53dc0c3027eb2895790fb155082b0d232",
    "https://deno.land/std@0.173.0/path/posix.ts": "0874b341c2c6968ca38d323338b8b295ea1dae10fa872a768d812e2e7d634789",
    "https://deno.land/std@0.173.0/path/separator.ts": "0fb679739d0d1d7bf45b68dacfb4ec7563597a902edbaf3c59b50d5bcadd93b1",
    "https://deno.land/std@0.173.0/path/win32.ts": "672942919dd66ce1b8c224e77d3447e2ad8254eaff13fe6946420a9f78fa141e",
    "https://deno.land/std@0.183.0/_util/asserts.ts": "178dfc49a464aee693a7e285567b3d0b555dc805ff490505a8aae34f9cfb1462",
    "https://deno.land/std@0.183.0/_util/os.ts": "d932f56d41e4f6a6093d56044e29ce637f8dcc43c5a90af43504a889cf1775e3",
    "https://deno.land/std@0.183.0/async/abortable.ts": "fd682fa46f3b7b16b4606a5ab52a7ce309434b76f820d3221bdfb862719a15d7",
    "https://deno.land/std@0.183.0/async/deadline.ts": "c5facb0b404eede83e38bd2717ea8ab34faa2ffb20ef87fd261fcba32ba307aa",
    "https://deno.land/std@0.183.0/async/debounce.ts": "adab11d04ca38d699444ac8a9d9856b4155e8dda2afd07ce78276c01ea5a4332",
    "https://deno.land/std@0.183.0/async/deferred.ts": "42790112f36a75a57db4a96d33974a936deb7b04d25c6084a9fa8a49f135def8",
    "https://deno.land/std@0.183.0/async/delay.ts": "73aa04cec034c84fc748c7be49bb15cac3dd43a57174bfdb7a4aec22c248f0dd",
    "https://deno.land/std@0.183.0/async/mod.ts": "f04344fa21738e5ad6bea37a6bfffd57c617c2d372bb9f9dcfd118a1b622e576",
    "https://deno.land/std@0.183.0/async/mux_async_iterator.ts": "70c7f2ee4e9466161350473ad61cac0b9f115cff4c552eaa7ef9d50c4cbb4cc9",
    "https://deno.land/std@0.183.0/async/pool.ts": "fd082bd4aaf26445909889435a5c74334c017847842ec035739b4ae637ae8260",
    "https://deno.land/std@0.183.0/async/retry.ts": "dd19d93033d8eaddbfcb7654c0366e9d3b0a21448bdb06eba4a7d8a8cf936a92",
    "https://deno.land/std@0.183.0/async/tee.ts": "47e42d35f622650b02234d43803d0383a89eb4387e1b83b5a40106d18ae36757",
    "https://deno.land/std@0.183.0/collections/_utils.ts": "5114abc026ddef71207a79609b984614e66a63a4bda17d819d56b0e72c51527e",
    "https://deno.land/std@0.183.0/collections/deep_merge.ts": "5a8ed29030f4471a5272785c57c3455fa79697b9a8f306013a8feae12bafc99a",
    "https://deno.land/std@0.183.0/crypto/_fnv/fnv32.ts": "e4649dfdefc5c987ed53c3c25db62db771a06d9d1b9c36d2b5cf0853b8e82153",
    "https://deno.land/std@0.183.0/crypto/_fnv/fnv64.ts": "bfa0e4702061fdb490a14e6bf5f9168a22fb022b307c5723499469bfefca555e",
    "https://deno.land/std@0.183.0/crypto/_fnv/mod.ts": "f956a95f58910f223e420340b7404702ecd429603acd4491fa77af84f746040c",
    "https://deno.land/std@0.183.0/crypto/_fnv/util.ts": "accba12bfd80a352e32a872f87df2a195e75561f1b1304a4cb4f5a4648d288f9",
    "https://deno.land/std@0.183.0/crypto/_wasm/lib/deno_std_wasm_crypto.generated.mjs": "bdd70a6183c6bdabc086ec2a5f828c86711b4201f1ba7954fc78385a664e8fae",
    "https://deno.land/std@0.183.0/crypto/_wasm/mod.ts": "e2df88236fc061eac7a89e8cb0b97843f5280b08b2a990e473b7397a3e566003",
    "https://deno.land/std@0.183.0/crypto/crypto.ts": "051d941627f1b6da0d5151d744e6c94658cdf43bfe14621610f0d7268f52b05f",
    "https://deno.land/std@0.183.0/crypto/timing_safe_equal.ts": "0fae34ee02264f309ae0b6e54e9746a7aba3996e5454903ed106967a7a9ef665",
    "https://deno.land/std@0.183.0/encoding/base64.ts": "144ae6234c1fbe5b68666c711dc15b1e9ee2aef6d42b3b4345bf9a6c91d70d0d",
    "https://deno.land/std@0.183.0/flags/mod.ts": "4d829c5bd1d657799cdeb487c6e418960efc6f4d8ce6cadc38a54b9ce266160a",
    "https://deno.land/std@0.183.0/fmt/colors.ts": "d67e3cd9f472535241a8e410d33423980bec45047e343577554d3356e1f0ef4e",
    "https://deno.land/std@0.183.0/http/etag.ts": "4cb24b489e71c6bc333ab03b93edac303faddc199b3a6d0bfba284c8980a3dd2",
    "https://deno.land/std@0.183.0/http/file_server.ts": "048f614939c314da2f68829e7aad3d2b847775ab7812ecb860ad5cb80d646b69",
    "https://deno.land/std@0.183.0/http/http_status.ts": "8a7bcfe3ac025199ad804075385e57f63d055b2aed539d943ccc277616d6f932",
    "https://deno.land/std@0.183.0/http/server.ts": "cbb17b594651215ba95c01a395700684e569c165a567e4e04bba327f41197433",
    "https://deno.land/std@0.183.0/http/util.ts": "57bf151c8d4388bbd56ed01ece1720934252adc6f859f782392927f0f78964c0",
    "https://deno.land/std@0.183.0/media_types/_db.ts": "7606d83e31f23ce1a7968cbaee852810c2cf477903a095696cdc62eaab7ce570",
    "https://deno.land/std@0.183.0/media_types/_util.ts": "916efbd30b6148a716f110e67a4db29d6949bf4048997b754415dd7e42c52378",
    "https://deno.land/std@0.183.0/media_types/content_type.ts": "ad98a5aa2d95f5965b2796072284258710a25e520952376ed432b0937ce743bc",
    "https://deno.land/std@0.183.0/media_types/format_media_type.ts": "f5e1073c05526a6f5a516ac5c5587a1abd043bf1039c71cde1166aa4328c8baf",
    "https://deno.land/std@0.183.0/media_types/get_charset.ts": "18b88274796fda5d353806bf409eb1d2ddb3f004eb4bd311662c4cdd8ac173db",
    "https://deno.land/std@0.183.0/media_types/parse_media_type.ts": "835c4112e1357e95b4f10d7cdea5ae1801967e444f48673ff8f1cb4d32af9920",
    "https://deno.land/std@0.183.0/media_types/type_by_extension.ts": "daa801eb0f11cdf199445d0f1b656cf116d47dcf9e5b85cc1e6b4469f5ee0432",
    "https://deno.land/std@0.183.0/media_types/vendor/mime-db.v1.52.0.ts": "6925bbcae81ca37241e3f55908d0505724358cda3384eaea707773b2c7e99586",
    "https://deno.land/std@0.183.0/path/_constants.ts": "e49961f6f4f48039c0dfed3c3f93e963ca3d92791c9d478ac5b43183413136e0",
    "https://deno.land/std@0.183.0/path/_interface.ts": "6471159dfbbc357e03882c2266d21ef9afdb1e4aa771b0545e90db58a0ba314b",
    "https://deno.land/std@0.183.0/path/_util.ts": "d7abb1e0dea065f427b89156e28cdeb32b045870acdf865833ba808a73b576d0",
    "https://deno.land/std@0.183.0/path/common.ts": "ee7505ab01fd22de3963b64e46cff31f40de34f9f8de1fff6a1bd2fe79380000",
    "https://deno.land/std@0.183.0/path/glob.ts": "d479e0a695621c94d3fd7fe7abd4f9499caf32a8de13f25073451c6ef420a4e1",
    "https://deno.land/std@0.183.0/path/mod.ts": "bf718f19a4fdd545aee1b06409ca0805bd1b68ecf876605ce632e932fe54510c",
    "https://deno.land/std@0.183.0/path/posix.ts": "8b7c67ac338714b30c816079303d0285dd24af6b284f7ad63da5b27372a2c94d",
    "https://deno.land/std@0.183.0/path/separator.ts": "0fb679739d0d1d7bf45b68dacfb4ec7563597a902edbaf3c59b50d5bcadd93b1",
    "https://deno.land/std@0.183.0/path/win32.ts": "d186344e5583bcbf8b18af416d13d82b35a317116e6460a5a3953508c3de5bba",
    "https://deno.land/std@0.183.0/testing/_diff.ts": "1a3c044aedf77647d6cac86b798c6417603361b66b54c53331b312caeb447aea",
    "https://deno.land/std@0.183.0/testing/_format.ts": "a69126e8a469009adf4cf2a50af889aca364c349797e63174884a52ff75cf4c7",
    "https://deno.land/std@0.183.0/testing/asserts.ts": "e16d98b4d73ffc4ed498d717307a12500ae4f2cbe668f1a215632d19fcffc22f",
    "https://deno.land/std@0.183.0/version.ts": "9aba709bee2ca0442bb42d06eee418266f914907fca3461b2b0377f388ebd0c1",
    "https://deno.land/x/deno_dom@v0.1.38/build/deno-wasm/deno-wasm.js": "98b1ad24a1c13284557917659402202e5c5258ab1431b3f3a82434ad36ffa05a",
    "https://deno.land/x/deno_dom@v0.1.38/deno-dom-wasm.ts": "bfd999a493a6974e9fca4d331bee03bfb68cfc600c662cd0b48b21d67a2a8ba0",
    "https://deno.land/x/deno_dom@v0.1.38/src/api.ts": "0ff5790f0a3eeecb4e00b7d8fbfa319b165962cf6d0182a65ba90f158d74f7d7",
    "https://deno.land/x/deno_dom@v0.1.38/src/constructor-lock.ts": "59714df7e0571ec7bd338903b1f396202771a6d4d7f55a452936bd0de9deb186",
    "https://deno.land/x/deno_dom@v0.1.38/src/deserialize.ts": "f4d34514ca00473ca428b69ad437ba345925744b5d791cb9552e2d7a0e7b0439",
    "https://deno.land/x/deno_dom@v0.1.38/src/dom/document-fragment.ts": "a40c6e18dd0efcf749a31552c1c9a6f7fa614452245e86ee38fc92ba0235e5ae",
    "https://deno.land/x/deno_dom@v0.1.38/src/dom/document.ts": "b8f4e4ccabaaa063d6562a0f2f8dea9c0419515d63d8bd79bfde95f7cd64bd93",
    "https://deno.land/x/deno_dom@v0.1.38/src/dom/dom-parser.ts": "609097b426f8c2358f3e5d2bca55ed026cf26cdf86562e94130dfdb0f2537f92",
    "https://deno.land/x/deno_dom@v0.1.38/src/dom/element.ts": "77c454e228dfeb5c570da5aa61d91850400116bfa0f5a85505acdd3c667171a4",
    "https://deno.land/x/deno_dom@v0.1.38/src/dom/elements/html-template-element.ts": "127bb291bb08afeb7e9a66294a5aa6ff2780f4eb4601fa6f7869fe8b70a81472",
    "https://deno.land/x/deno_dom@v0.1.38/src/dom/html-collection.ts": "ae90197f5270c32074926ad6cf30ee07d274d44596c7e413c354880cebce8565",
    "https://deno.land/x/deno_dom@v0.1.38/src/dom/node-list.ts": "4c6e4b4585301d4147addaccd90cb5f5a80e8d6290a1ba7058c5e3dfea16e15d",
    "https://deno.land/x/deno_dom@v0.1.38/src/dom/node.ts": "3069e6fc93ac4111a136ed68199d76673339842b9751610ba06f111ba7dc10a7",
    "https://deno.land/x/deno_dom@v0.1.38/src/dom/selectors/custom-api.ts": "852696bd58e534bc41bd3be9e2250b60b67cd95fd28ed16b1deff1d548531a71",
    "https://deno.land/x/deno_dom@v0.1.38/src/dom/selectors/nwsapi-types.ts": "c43b36c36acc5d32caabaa54fda8c9d239b2b0fcbce9a28efb93c84aa1021698",
    "https://deno.land/x/deno_dom@v0.1.38/src/dom/selectors/nwsapi.js": "985d7d8fc1eabbb88946b47a1c44c1b2d4aa79ff23c21424219f1528fa27a2ff",
    "https://deno.land/x/deno_dom@v0.1.38/src/dom/selectors/selectors.ts": "83eab57be2290fb48e3130533448c93c6c61239f2a2f3b85f1917f80ca0fdc75",
    "https://deno.land/x/deno_dom@v0.1.38/src/dom/selectors/sizzle-types.ts": "78149e2502409989ce861ed636b813b059e16bc267bb543e7c2b26ef43e4798b",
    "https://deno.land/x/deno_dom@v0.1.38/src/dom/selectors/sizzle.js": "c3aed60c1045a106d8e546ac2f85cc82e65f62d9af2f8f515210b9212286682a",
    "https://deno.land/x/deno_dom@v0.1.38/src/dom/utils-types.ts": "96db30e3e4a75b194201bb9fa30988215da7f91b380fca6a5143e51ece2a8436",
    "https://deno.land/x/deno_dom@v0.1.38/src/dom/utils.ts": "55f3e9dc71d6c4a54605888d3f99d26fb0cf9973924709f159252a6933ceeabe",
    "https://deno.land/x/deno_dom@v0.1.38/src/parser.ts": "b65eb7e673fa7ca611de871de109655f0aa9fa35ddc1de73df1a5fc2baafc332",
    "https://deno.land/x/denoflate@1.2.1/mod.ts": "f5628e44b80b3d80ed525afa2ba0f12408e3849db817d47a883b801f9ce69dd6",
    "https://deno.land/x/denoflate@1.2.1/pkg/denoflate.js": "b9f9ad9457d3f12f28b1fb35c555f57443427f74decb403113d67364e4f2caf4",
    "https://deno.land/x/denoflate@1.2.1/pkg/denoflate_bg.wasm.js": "d581956245407a2115a3d7e8d85a9641c032940a8e810acbd59ca86afd34d44d",
    "https://deno.land/x/esbuild@v0.15.10/mod.d.ts": "12e96a8d05c8e2c5638aa9cb09f24222134d437abb2f3f52de0156adb2270719",
    "https://deno.land/x/esbuild@v0.15.10/mod.js": "b6076f05f58057025ce0eddb404a4da3b7a0e3768c53f6c87959c8c32240e9cd",
    "https://deno.land/x/esbuild@v0.15.10/wasm.d.ts": "12e96a8d05c8e2c5638aa9cb09f24222134d437abb2f3f52de0156adb2270719",
    "https://deno.land/x/esbuild@v0.15.10/wasm.js": "31ed72ba5563efe60f5ea1596e3df657803a5133ff88bbd5db341d98871c6e00",
    "https://deno.land/x/esbuild@v0.17.11/mod.d.ts": "dc279a3a46f084484453e617c0cabcd5b8bd1920c0e562e4ea02dfc828c8f968",
    "https://deno.land/x/esbuild@v0.17.11/mod.js": "4f4e61964a551d9c0baf5bb19e973cf631cf8c66ddaf01e70070f8a100fc938c",
    "https://deno.land/x/esbuild@v0.17.11/wasm.d.ts": "dc279a3a46f084484453e617c0cabcd5b8bd1920c0e562e4ea02dfc828c8f968",
    "https://deno.land/x/esbuild@v0.17.11/wasm.js": "4030e7b50941ec6e06704c6b5f1f6416cc0f7f35f63daf63f184b728bea79a30",
    "https://deno.land/x/esbuild@v0.17.16/mod.d.ts": "dc279a3a46f084484453e617c0cabcd5b8bd1920c0e562e4ea02dfc828c8f968",
    "https://deno.land/x/esbuild@v0.17.16/mod.js": "5d7e63d0fe5cd00697ad81a5dfd1346f436cff4e16aa544adc4a1bbdea683e07",
    "https://deno.land/x/esbuild@v0.17.16/wasm.d.ts": "dc279a3a46f084484453e617c0cabcd5b8bd1920c0e562e4ea02dfc828c8f968",
    "https://deno.land/x/esbuild@v0.17.16/wasm.js": "1416431bc4915a6e9aa1c53dc48cf6cafb90486581e8be385aa11be5a1f35474",
    "https://deno.land/x/esbuild_deno_loader@0.6.0/deps.ts": "fe86f62cb954edc2580868cdc3292d4446f22cd2c4eedbf8ee26513fdf74e343",
    "https://deno.land/x/esbuild_deno_loader@0.6.0/mod.ts": "5d8a429b26c70f9fd522a8629e751f3bdf63680da473e537bc420d552ee3bf0b",
    "https://deno.land/x/esbuild_deno_loader@0.6.0/src/deno.ts": "0e83ccabbe2b004389288e38df2031b79eb347df2d139fce9394d8e88a11f259",
    "https://deno.land/x/esbuild_deno_loader@0.6.0/src/native_loader.ts": "343854a566cf510cf25144f7c09fc0c1097780a31830305142a075d12bb697ba",
    "https://deno.land/x/esbuild_deno_loader@0.6.0/src/portable_loader.ts": "35b6c526eed8c2c781a3256b23c30aa7cce69c0ef1d583c15528663287ba18a3",
    "https://deno.land/x/esbuild_deno_loader@0.6.0/src/shared.ts": "b64749cd8c0f6252a11498bd8758ef1220003e46b2c9b68e16da63fd7e92b13a",
    "https://deno.land/x/importmap@0.2.1/_util.ts": "ada9a9618b537e6c0316c048a898352396c882b9f2de38aba18fd3f2950ede89",
    "https://deno.land/x/importmap@0.2.1/mod.ts": "ae3d1cd7eabd18c01a4960d57db471126b020f23b37ef14e1359bbb949227ade",
    "https://raw.githubusercontent.com/lucacasonato/esbuild_deno_loader/8031f71afa1bbcd3237a94b11f53a2e5c5c0e7bf/deps.ts": "b7248e5b750be62613a9417f407e65ed43726d83b11f9631d6dbb58634bbd7d1",
    "https://raw.githubusercontent.com/lucacasonato/esbuild_deno_loader/8031f71afa1bbcd3237a94b11f53a2e5c5c0e7bf/mod.ts": "3e507379372361162f93325a216b86f6098defb5bb60144555b507bca26d061f",
    "https://raw.githubusercontent.com/lucacasonato/esbuild_deno_loader/8031f71afa1bbcd3237a94b11f53a2e5c5c0e7bf/src/deno.ts": "71bee6b14e72ca193c0686d8b4f1f47d639a64745b6f5c7576f7a3616f436f57",
    "https://raw.githubusercontent.com/lucacasonato/esbuild_deno_loader/8031f71afa1bbcd3237a94b11f53a2e5c5c0e7bf/src/native_loader.ts": "2a0f5a7b68a57c4651ad48161b32532356b434597a6cf282683427482b38f6fa",
    "https://raw.githubusercontent.com/lucacasonato/esbuild_deno_loader/8031f71afa1bbcd3237a94b11f53a2e5c5c0e7bf/src/portable_loader.ts": "47adb6d9a00f13a87d0a15f2af79118eb93503234008c31392d71270bc0a42fa",
    "https://raw.githubusercontent.com/lucacasonato/esbuild_deno_loader/8031f71afa1bbcd3237a94b11f53a2e5c5c0e7bf/src/shared.ts": "007e8d575cb6ebcac4110f1f72188a8bec3aa29287b4ad26e98403c00bebf036"
  }
}
